// !$*UTF8*$!
{
	archiveVersion = 1;
	classes = {
	};
	objectVersion = 50;
	objects = {

/* Begin PBXBuildFile section */
		4C94EBBE238E43EB00D9059B /* QinSettingController.swift in Sources */ = {isa = PBXBuildFile; fileRef = 4C94EBBD238E43EB00D9059B /* QinSettingController.swift */; };
		4C9D87D42397BF3B00A5BF54 /* Utilities.swift in Sources */ = {isa = PBXBuildFile; fileRef = 4C9D87D32397BF3B00A5BF54 /* Utilities.swift */; };
		4C9D87D62397DAF000A5BF54 /* CheckDBViewController.swift in Sources */ = {isa = PBXBuildFile; fileRef = 4C9D87D52397DAF000A5BF54 /* CheckDBViewController.swift */; };
		4CB0B6E12393F2370097DC5C /* IBeaconScannerViewController.swift in Sources */ = {isa = PBXBuildFile; fileRef = 4CB0B6E02393F2370097DC5C /* IBeaconScannerViewController.swift */; };
		4CBBBDF4238B4C22001F4A1A /* AppDelegate.swift in Sources */ = {isa = PBXBuildFile; fileRef = 4CBBBDF3238B4C22001F4A1A /* AppDelegate.swift */; };
		4CBBBDF6238B4C22001F4A1A /* SceneDelegate.swift in Sources */ = {isa = PBXBuildFile; fileRef = 4CBBBDF5238B4C22001F4A1A /* SceneDelegate.swift */; };
		4CBBBDFB238B4C22001F4A1A /* Main.storyboard in Resources */ = {isa = PBXBuildFile; fileRef = 4CBBBDF9238B4C22001F4A1A /* Main.storyboard */; };
		4CBBBDFD238B4C2B001F4A1A /* Assets.xcassets in Resources */ = {isa = PBXBuildFile; fileRef = 4CBBBDFC238B4C2B001F4A1A /* Assets.xcassets */; };
		4CBBBE00238B4C2B001F4A1A /* LaunchScreen.storyboard in Resources */ = {isa = PBXBuildFile; fileRef = 4CBBBDFE238B4C2B001F4A1A /* LaunchScreen.storyboard */; };
		4CBBBE09238B65FF001F4A1A /* AVFoundation.framework in Frameworks */ = {isa = PBXBuildFile; fileRef = 4CBBBE08238B65FF001F4A1A /* AVFoundation.framework */; };
		4CBBBE0B238B6C54001F4A1A /* Preview.swift in Sources */ = {isa = PBXBuildFile; fileRef = 4CBBBE0A238B6C54001F4A1A /* Preview.swift */; };
		4CBC1E0D238E228600B23DFB /* FaceDetectViewController.swift in Sources */ = {isa = PBXBuildFile; fileRef = 4CBC1E0C238E228600B23DFB /* FaceDetectViewController.swift */; };
		4CC340D0239130040089390D /* CoreLocation.framework in Frameworks */ = {isa = PBXBuildFile; fileRef = 4CC340CF239130040089390D /* CoreLocation.framework */; };
/* End PBXBuildFile section */

/* Begin PBXFileReference section */
		4C94EBBD238E43EB00D9059B /* QinSettingController.swift */ = {isa = PBXFileReference; lastKnownFileType = sourcecode.swift; path = QinSettingController.swift; sourceTree = "<group>"; };
		4C9D87D12397B60A00A5BF54 /* CoreTelephony.framework */ = {isa = PBXFileReference; lastKnownFileType = wrapper.framework; name = CoreTelephony.framework; path = System/Library/Frameworks/CoreTelephony.framework; sourceTree = SDKROOT; };
		4C9D87D32397BF3B00A5BF54 /* Utilities.swift */ = {isa = PBXFileReference; lastKnownFileType = sourcecode.swift; path = Utilities.swift; sourceTree = "<group>"; };
		4C9D87D52397DAF000A5BF54 /* CheckDBViewController.swift */ = {isa = PBXFileReference; lastKnownFileType = sourcecode.swift; path = CheckDBViewController.swift; sourceTree = "<group>"; };
		4CB0B6E02393F2370097DC5C /* IBeaconScannerViewController.swift */ = {isa = PBXFileReference; lastKnownFileType = sourcecode.swift; path = IBeaconScannerViewController.swift; sourceTree = "<group>"; };
		4CBBBDF0238B4C22001F4A1A /* 勤！.app */ = {isa = PBXFileReference; explicitFileType = wrapper.application; includeInIndex = 0; path = "勤！.app"; sourceTree = BUILT_PRODUCTS_DIR; };
		4CBBBDF3238B4C22001F4A1A /* AppDelegate.swift */ = {isa = PBXFileReference; lastKnownFileType = sourcecode.swift; path = AppDelegate.swift; sourceTree = "<group>"; };
		4CBBBDF5238B4C22001F4A1A /* SceneDelegate.swift */ = {isa = PBXFileReference; lastKnownFileType = sourcecode.swift; path = SceneDelegate.swift; sourceTree = "<group>"; };
		4CBBBDFA238B4C22001F4A1A /* Base */ = {isa = PBXFileReference; lastKnownFileType = file.storyboard; name = Base; path = Base.lproj/Main.storyboard; sourceTree = "<group>"; };
		4CBBBDFC238B4C2B001F4A1A /* Assets.xcassets */ = {isa = PBXFileReference; lastKnownFileType = folder.assetcatalog; path = Assets.xcassets; sourceTree = "<group>"; };
		4CBBBDFF238B4C2B001F4A1A /* Base */ = {isa = PBXFileReference; lastKnownFileType = file.storyboard; name = Base; path = Base.lproj/LaunchScreen.storyboard; sourceTree = "<group>"; };
		4CBBBE01238B4C2B001F4A1A /* Info.plist */ = {isa = PBXFileReference; lastKnownFileType = text.plist.xml; path = Info.plist; sourceTree = "<group>"; };
		4CBBBE08238B65FF001F4A1A /* AVFoundation.framework */ = {isa = PBXFileReference; lastKnownFileType = wrapper.framework; name = AVFoundation.framework; path = System/Library/Frameworks/AVFoundation.framework; sourceTree = SDKROOT; };
		4CBBBE0A238B6C54001F4A1A /* Preview.swift */ = {isa = PBXFileReference; lastKnownFileType = sourcecode.swift; path = Preview.swift; sourceTree = "<group>"; };
		4CBBBE0C238BB319001F4A1A /* CoreNFC.framework */ = {isa = PBXFileReference; lastKnownFileType = wrapper.framework; name = CoreNFC.framework; path = System/Library/Frameworks/CoreNFC.framework; sourceTree = SDKROOT; };
		4CBBBE0E238BBA1B001F4A1A /* HttpTest.entitlements */ = {isa = PBXFileReference; lastKnownFileType = text.plist.entitlements; path = HttpTest.entitlements; sourceTree = "<group>"; };
		4CBC1E0C238E228600B23DFB /* FaceDetectViewController.swift */ = {isa = PBXFileReference; lastKnownFileType = sourcecode.swift; path = FaceDetectViewController.swift; sourceTree = "<group>"; };
		4CC340CF239130040089390D /* CoreLocation.framework */ = {isa = PBXFileReference; lastKnownFileType = wrapper.framework; name = CoreLocation.framework; path = System/Library/Frameworks/CoreLocation.framework; sourceTree = SDKROOT; };
		4CC340D3239137E60089390D /* CoreBluetooth.framework */ = {isa = PBXFileReference; lastKnownFileType = wrapper.framework; name = CoreBluetooth.framework; path = System/Library/Frameworks/CoreBluetooth.framework; sourceTree = SDKROOT; };
/* End PBXFileReference section */

/* Begin PBXFrameworksBuildPhase section */
		4CBBBDED238B4C22001F4A1A /* Frameworks */ = {
			isa = PBXFrameworksBuildPhase;
			buildActionMask = 2147483647;
			files = (
				4CC340D0239130040089390D /* CoreLocation.framework in Frameworks */,
				4CBBBE09238B65FF001F4A1A /* AVFoundation.framework in Frameworks */,
			);
			runOnlyForDeploymentPostprocessing = 0;
		};
/* End PBXFrameworksBuildPhase section */

/* Begin PBXGroup section */
		4CBBBDE7238B4C22001F4A1A = {
			isa = PBXGroup;
			children = (
				4CBBBDF2238B4C22001F4A1A /* HttpTest */,
				4CBBBDF1238B4C22001F4A1A /* Products */,
				4CBBBE07238B65FF001F4A1A /* Frameworks */,
			);
			sourceTree = "<group>";
		};
		4CBBBDF1238B4C22001F4A1A /* Products */ = {
			isa = PBXGroup;
			children = (
				4CBBBDF0238B4C22001F4A1A /* 勤！.app */,
			);
			name = Products;
			sourceTree = "<group>";
		};
		4CBBBDF2238B4C22001F4A1A /* HttpTest */ = {
			isa = PBXGroup;
			children = (
				4CBBBE0E238BBA1B001F4A1A /* HttpTest.entitlements */,
				4CBBBDF3238B4C22001F4A1A /* AppDelegate.swift */,
				4CBBBDF5238B4C22001F4A1A /* SceneDelegate.swift */,
				4CBBBDF9238B4C22001F4A1A /* Main.storyboard */,
				4CBBBDFC238B4C2B001F4A1A /* Assets.xcassets */,
				4CBBBDFE238B4C2B001F4A1A /* LaunchScreen.storyboard */,
				4CBBBE01238B4C2B001F4A1A /* Info.plist */,
				4CBBBE0A238B6C54001F4A1A /* Preview.swift */,
				4CBC1E0C238E228600B23DFB /* FaceDetectViewController.swift */,
				4C94EBBD238E43EB00D9059B /* QinSettingController.swift */,
				4CB0B6E02393F2370097DC5C /* IBeaconScannerViewController.swift */,
				4C9D87D32397BF3B00A5BF54 /* Utilities.swift */,
				4C9D87D52397DAF000A5BF54 /* CheckDBViewController.swift */,
			);
			path = HttpTest;
			sourceTree = "<group>";
		};
		4CBBBE07238B65FF001F4A1A /* Frameworks */ = {
			isa = PBXGroup;
			children = (
				4C9D87D12397B60A00A5BF54 /* CoreTelephony.framework */,
				4CC340D3239137E60089390D /* CoreBluetooth.framework */,
				4CC340CF239130040089390D /* CoreLocation.framework */,
				4CBBBE0C238BB319001F4A1A /* CoreNFC.framework */,
				4CBBBE08238B65FF001F4A1A /* AVFoundation.framework */,
			);
			name = Frameworks;
			sourceTree = "<group>";
		};
/* End PBXGroup section */

/* Begin PBXNativeTarget section */
		4CBBBDEF238B4C22001F4A1A /* HttpTest */ = {
			isa = PBXNativeTarget;
			buildConfigurationList = 4CBBBE04238B4C2B001F4A1A /* Build configuration list for PBXNativeTarget "HttpTest" */;
			buildPhases = (
				4CBBBDEC238B4C22001F4A1A /* Sources */,
				4CBBBDED238B4C22001F4A1A /* Frameworks */,
				4CBBBDEE238B4C22001F4A1A /* Resources */,
			);
			buildRules = (
			);
			dependencies = (
			);
			name = HttpTest;
			productName = HttpTest;
			productReference = 4CBBBDF0238B4C22001F4A1A /* 勤！.app */;
			productType = "com.apple.product-type.application";
		};
/* End PBXNativeTarget section */

/* Begin PBXProject section */
		4CBBBDE8238B4C22001F4A1A /* Project object */ = {
			isa = PBXProject;
			attributes = {
				LastSwiftUpdateCheck = 1120;
				LastUpgradeCheck = 1120;
				ORGANIZATIONNAME = canyang;
				TargetAttributes = {
					4CBBBDEF238B4C22001F4A1A = {
						CreatedOnToolsVersion = 11.2.1;
					};
				};
			};
			buildConfigurationList = 4CBBBDEB238B4C22001F4A1A /* Build configuration list for PBXProject "HttpTest" */;
			compatibilityVersion = "Xcode 9.3";
			developmentRegion = en;
			hasScannedForEncodings = 0;
			knownRegions = (
				en,
				Base,
			);
			mainGroup = 4CBBBDE7238B4C22001F4A1A;
			productRefGroup = 4CBBBDF1238B4C22001F4A1A /* Products */;
			projectDirPath = "";
			projectRoot = "";
			targets = (
				4CBBBDEF238B4C22001F4A1A /* HttpTest */,
			);
		};
/* End PBXProject section */

/* Begin PBXResourcesBuildPhase section */
		4CBBBDEE238B4C22001F4A1A /* Resources */ = {
			isa = PBXResourcesBuildPhase;
			buildActionMask = 2147483647;
			files = (
				4CBBBE00238B4C2B001F4A1A /* LaunchScreen.storyboard in Resources */,
				4CBBBDFD238B4C2B001F4A1A /* Assets.xcassets in Resources */,
				4CBBBDFB238B4C22001F4A1A /* Main.storyboard in Resources */,
			);
			runOnlyForDeploymentPostprocessing = 0;
		};
/* End PBXResourcesBuildPhase section */

/* Begin PBXSourcesBuildPhase section */
		4CBBBDEC238B4C22001F4A1A /* Sources */ = {
			isa = PBXSourcesBuildPhase;
			buildActionMask = 2147483647;
			files = (
				4C9D87D42397BF3B00A5BF54 /* Utilities.swift in Sources */,
				4CBBBDF4238B4C22001F4A1A /* AppDelegate.swift in Sources */,
				4CBC1E0D238E228600B23DFB /* FaceDetectViewController.swift in Sources */,
				4CBBBE0B238B6C54001F4A1A /* Preview.swift in Sources */,
				4CB0B6E12393F2370097DC5C /* IBeaconScannerViewController.swift in Sources */,
				4C9D87D62397DAF000A5BF54 /* CheckDBViewController.swift in Sources */,
				4CBBBDF6238B4C22001F4A1A /* SceneDelegate.swift in Sources */,
				4C94EBBE238E43EB00D9059B /* QinSettingController.swift in Sources */,
			);
			runOnlyForDeploymentPostprocessing = 0;
		};
/* End PBXSourcesBuildPhase section */

/* Begin PBXVariantGroup section */
		4CBBBDF9238B4C22001F4A1A /* Main.storyboard */ = {
			isa = PBXVariantGroup;
			children = (
				4CBBBDFA238B4C22001F4A1A /* Base */,
			);
			name = Main.storyboard;
			sourceTree = "<group>";
		};
		4CBBBDFE238B4C2B001F4A1A /* LaunchScreen.storyboard */ = {
			isa = PBXVariantGroup;
			children = (
				4CBBBDFF238B4C2B001F4A1A /* Base */,
			);
			name = LaunchScreen.storyboard;
			sourceTree = "<group>";
		};
/* End PBXVariantGroup section */

/* Begin XCBuildConfiguration section */
		4CBBBE02238B4C2B001F4A1A /* Debug */ = {
			isa = XCBuildConfiguration;
			buildSettings = {
				ALWAYS_SEARCH_USER_PATHS = NO;
				CLANG_ANALYZER_NONNULL = YES;
				CLANG_ANALYZER_NUMBER_OBJECT_CONVERSION = YES_AGGRESSIVE;
				CLANG_CXX_LANGUAGE_STANDARD = "gnu++14";
				CLANG_CXX_LIBRARY = "libc++";
				CLANG_ENABLE_MODULES = YES;
				CLANG_ENABLE_OBJC_ARC = YES;
				CLANG_ENABLE_OBJC_WEAK = YES;
				CLANG_WARN_BLOCK_CAPTURE_AUTORELEASING = YES;
				CLANG_WARN_BOOL_CONVERSION = YES;
				CLANG_WARN_COMMA = YES;
				CLANG_WARN_CONSTANT_CONVERSION = YES;
				CLANG_WARN_DEPRECATED_OBJC_IMPLEMENTATIONS = YES;
				CLANG_WARN_DIRECT_OBJC_ISA_USAGE = YES_ERROR;
				CLANG_WARN_DOCUMENTATION_COMMENTS = YES;
				CLANG_WARN_EMPTY_BODY = YES;
				CLANG_WARN_ENUM_CONVERSION = YES;
				CLANG_WARN_INFINITE_RECURSION = YES;
				CLANG_WARN_INT_CONVERSION = YES;
				CLANG_WARN_NON_LITERAL_NULL_CONVERSION = YES;
				CLANG_WARN_OBJC_IMPLICIT_RETAIN_SELF = YES;
				CLANG_WARN_OBJC_LITERAL_CONVERSION = YES;
				CLANG_WARN_OBJC_ROOT_CLASS = YES_ERROR;
				CLANG_WARN_RANGE_LOOP_ANALYSIS = YES;
				CLANG_WARN_STRICT_PROTOTYPES = YES;
				CLANG_WARN_SUSPICIOUS_MOVE = YES;
				CLANG_WARN_UNGUARDED_AVAILABILITY = YES_AGGRESSIVE;
				CLANG_WARN_UNREACHABLE_CODE = YES;
				CLANG_WARN__DUPLICATE_METHOD_MATCH = YES;
				COPY_PHASE_STRIP = NO;
				DEBUG_INFORMATION_FORMAT = dwarf;
				ENABLE_STRICT_OBJC_MSGSEND = YES;
				ENABLE_TESTABILITY = YES;
				GCC_C_LANGUAGE_STANDARD = gnu11;
				GCC_DYNAMIC_NO_PIC = NO;
				GCC_NO_COMMON_BLOCKS = YES;
				GCC_OPTIMIZATION_LEVEL = 0;
				GCC_PREPROCESSOR_DEFINITIONS = (
					"DEBUG=1",
					"$(inherited)",
				);
				GCC_WARN_64_TO_32_BIT_CONVERSION = YES;
				GCC_WARN_ABOUT_RETURN_TYPE = YES_ERROR;
				GCC_WARN_UNDECLARED_SELECTOR = YES;
				GCC_WARN_UNINITIALIZED_AUTOS = YES_AGGRESSIVE;
				GCC_WARN_UNUSED_FUNCTION = YES;
				GCC_WARN_UNUSED_VARIABLE = YES;
				IPHONEOS_DEPLOYMENT_TARGET = 13.0;
				MTL_ENABLE_DEBUG_INFO = INCLUDE_SOURCE;
				MTL_FAST_MATH = YES;
				ONLY_ACTIVE_ARCH = YES;
				SDKROOT = iphoneos;
				SWIFT_ACTIVE_COMPILATION_CONDITIONS = DEBUG;
				SWIFT_OPTIMIZATION_LEVEL = "-Onone";
			};
			name = Debug;
		};
		4CBBBE03238B4C2B001F4A1A /* Release */ = {
			isa = XCBuildConfiguration;
			buildSettings = {
				ALWAYS_SEARCH_USER_PATHS = NO;
				CLANG_ANALYZER_NONNULL = YES;
				CLANG_ANALYZER_NUMBER_OBJECT_CONVERSION = YES_AGGRESSIVE;
				CLANG_CXX_LANGUAGE_STANDARD = "gnu++14";
				CLANG_CXX_LIBRARY = "libc++";
				CLANG_ENABLE_MODULES = YES;
				CLANG_ENABLE_OBJC_ARC = YES;
				CLANG_ENABLE_OBJC_WEAK = YES;
				CLANG_WARN_BLOCK_CAPTURE_AUTORELEASING = YES;
				CLANG_WARN_BOOL_CONVERSION = YES;
				CLANG_WARN_COMMA = YES;
				CLANG_WARN_CONSTANT_CONVERSION = YES;
				CLANG_WARN_DEPRECATED_OBJC_IMPLEMENTATIONS = YES;
				CLANG_WARN_DIRECT_OBJC_ISA_USAGE = YES_ERROR;
				CLANG_WARN_DOCUMENTATION_COMMENTS = YES;
				CLANG_WARN_EMPTY_BODY = YES;
				CLANG_WARN_ENUM_CONVERSION = YES;
				CLANG_WARN_INFINITE_RECURSION = YES;
				CLANG_WARN_INT_CONVERSION = YES;
				CLANG_WARN_NON_LITERAL_NULL_CONVERSION = YES;
				CLANG_WARN_OBJC_IMPLICIT_RETAIN_SELF = YES;
				CLANG_WARN_OBJC_LITERAL_CONVERSION = YES;
				CLANG_WARN_OBJC_ROOT_CLASS = YES_ERROR;
				CLANG_WARN_RANGE_LOOP_ANALYSIS = YES;
				CLANG_WARN_STRICT_PROTOTYPES = YES;
				CLANG_WARN_SUSPICIOUS_MOVE = YES;
				CLANG_WARN_UNGUARDED_AVAILABILITY = YES_AGGRESSIVE;
				CLANG_WARN_UNREACHABLE_CODE = YES;
				CLANG_WARN__DUPLICATE_METHOD_MATCH = YES;
				COPY_PHASE_STRIP = NO;
				DEBUG_INFORMATION_FORMAT = "dwarf-with-dsym";
				ENABLE_NS_ASSERTIONS = NO;
				ENABLE_STRICT_OBJC_MSGSEND = YES;
				GCC_C_LANGUAGE_STANDARD = gnu11;
				GCC_NO_COMMON_BLOCKS = YES;
				GCC_WARN_64_TO_32_BIT_CONVERSION = YES;
				GCC_WARN_ABOUT_RETURN_TYPE = YES_ERROR;
				GCC_WARN_UNDECLARED_SELECTOR = YES;
				GCC_WARN_UNINITIALIZED_AUTOS = YES_AGGRESSIVE;
				GCC_WARN_UNUSED_FUNCTION = YES;
				GCC_WARN_UNUSED_VARIABLE = YES;
				IPHONEOS_DEPLOYMENT_TARGET = 13.0;
				MTL_ENABLE_DEBUG_INFO = NO;
				MTL_FAST_MATH = YES;
				SDKROOT = iphoneos;
				SWIFT_COMPILATION_MODE = wholemodule;
				SWIFT_OPTIMIZATION_LEVEL = "-O";
				VALIDATE_PRODUCT = YES;
			};
			name = Release;
		};
		4CBBBE05238B4C2B001F4A1A /* Debug */ = {
			isa = XCBuildConfiguration;
			buildSettings = {
				ASSETCATALOG_COMPILER_APPICON_NAME = AppIcon;
				CODE_SIGN_ENTITLEMENTS = HttpTest/HttpTest.entitlements;
				CODE_SIGN_IDENTITY = "Apple Development";
				CODE_SIGN_STYLE = Automatic;
				CURRENT_PROJECT_VERSION = 7;
				DEVELOPMENT_TEAM = 7GCQP6572P;
				INFOPLIST_FILE = HttpTest/Info.plist;
				IPHONEOS_DEPLOYMENT_TARGET = 13.0;
				LD_RUNPATH_SEARCH_PATHS = (
					"$(inherited)",
					"@executable_path/Frameworks",
				);
				PRODUCT_BUNDLE_IDENTIFIER = com.canyang.qin;
				PRODUCT_NAME = "勤！";
				PROVISIONING_PROFILE_SPECIFIER = "";
				SWIFT_VERSION = 5.0;
				TARGETED_DEVICE_FAMILY = 1;
			};
			name = Debug;
		};
		4CBBBE06238B4C2B001F4A1A /* Release */ = {
			isa = XCBuildConfiguration;
			buildSettings = {
				ASSETCATALOG_COMPILER_APPICON_NAME = AppIcon;
				CODE_SIGN_ENTITLEMENTS = HttpTest/HttpTest.entitlements;
				CODE_SIGN_IDENTITY = "Apple Development";
				CODE_SIGN_STYLE = Automatic;
				CURRENT_PROJECT_VERSION = 7;
				DEVELOPMENT_TEAM = 7GCQP6572P;
				INFOPLIST_FILE = HttpTest/Info.plist;
				IPHONEOS_DEPLOYMENT_TARGET = 13.0;
				LD_RUNPATH_SEARCH_PATHS = (
					"$(inherited)",
					"@executable_path/Frameworks",
				);
				PRODUCT_BUNDLE_IDENTIFIER = com.canyang.qin;
				PRODUCT_NAME = "勤！";
				PROVISIONING_PROFILE_SPECIFIER = "";
				SWIFT_VERSION = 5.0;
				TARGETED_DEVICE_FAMILY = 1;
			};
			name = Release;
		};
/* End XCBuildConfiguration section */

/* Begin XCConfigurationList section */
		4CBBBDEB238B4C22001F4A1A /* Build configuration list for PBXProject "HttpTest" */ = {
			isa = XCConfigurationList;
			buildConfigurations = (
				4CBBBE02238B4C2B001F4A1A /* Debug */,
				4CBBBE03238B4C2B001F4A1A /* Release */,
			);
			defaultConfigurationIsVisible = 0;
			defaultConfigurationName = Release;
		};
		4CBBBE04238B4C2B001F4A1A /* Build configuration list for PBXNativeTarget "HttpTest" */ = {
			isa = XCConfigurationList;
			buildConfigurations = (
				4CBBBE05238B4C2B001F4A1A /* Debug */,
				4CBBBE06238B4C2B001F4A1A /* Release */,
			);
			defaultConfigurationIsVisible = 0;
			defaultConfigurationName = Release;
		};
/* End XCConfigurationList section */
	};
	rootObject = 4CBBBDE8238B4C22001F4A1A /* Project object */;
}
