// !$*UTF8*$!
{
	archiveVersion = 1;
	classes = {
	};
	objectVersion = 50;
	objects = {

/* Begin PBXBuildFile section */
		4CAA396E23F1003200C790E8 /* AppDelegate.swift in Sources */ = {isa = PBXBuildFile; fileRef = 4CAA396D23F1003200C790E8 /* AppDelegate.swift */; };
		4CAA397023F1003200C790E8 /* ViewController.swift in Sources */ = {isa = PBXBuildFile; fileRef = 4CAA396F23F1003200C790E8 /* ViewController.swift */; };
		4CAA397223F1003600C790E8 /* Assets.xcassets in Resources */ = {isa = PBXBuildFile; fileRef = 4CAA397123F1003600C790E8 /* Assets.xcassets */; };
		4CAA397523F1003600C790E8 /* Main.storyboard in Resources */ = {isa = PBXBuildFile; fileRef = 4CAA397323F1003600C790E8 /* Main.storyboard */; };
		4CAA398023F1005D00C790E8 /* DatabaseHelper.swift in Sources */ = {isa = PBXBuildFile; fileRef = 4CAA397D23F1005C00C790E8 /* DatabaseHelper.swift */; };
		4CAA398123F1005D00C790E8 /* ApplicationHelper.swift in Sources */ = {isa = PBXBuildFile; fileRef = 4CAA397E23F1005C00C790E8 /* ApplicationHelper.swift */; };
		4CAA398223F1005D00C790E8 /* Student.swift in Sources */ = {isa = PBXBuildFile; fileRef = 4CAA397F23F1005D00C790E8 /* Student.swift */; };
/* End PBXBuildFile section */

/* Begin PBXFileReference section */
		4CAA396A23F1003200C790E8 /* QinDevice-Mac.app */ = {isa = PBXFileReference; explicitFileType = wrapper.application; includeInIndex = 0; path = "QinDevice-Mac.app"; sourceTree = BUILT_PRODUCTS_DIR; };
		4CAA396D23F1003200C790E8 /* AppDelegate.swift */ = {isa = PBXFileReference; lastKnownFileType = sourcecode.swift; path = AppDelegate.swift; sourceTree = "<group>"; };
		4CAA396F23F1003200C790E8 /* ViewController.swift */ = {isa = PBXFileReference; lastKnownFileType = sourcecode.swift; path = ViewController.swift; sourceTree = "<group>"; };
		4CAA397123F1003600C790E8 /* Assets.xcassets */ = {isa = PBXFileReference; lastKnownFileType = folder.assetcatalog; path = Assets.xcassets; sourceTree = "<group>"; };
		4CAA397423F1003600C790E8 /* Base */ = {isa = PBXFileReference; lastKnownFileType = file.storyboard; name = Base; path = Base.lproj/Main.storyboard; sourceTree = "<group>"; };
		4CAA397623F1003600C790E8 /* Info.plist */ = {isa = PBXFileReference; lastKnownFileType = text.plist.xml; path = Info.plist; sourceTree = "<group>"; };
		4CAA397723F1003600C790E8 /* QinDevice_Mac.entitlements */ = {isa = PBXFileReference; lastKnownFileType = text.plist.entitlements; path = QinDevice_Mac.entitlements; sourceTree = "<group>"; };
		4CAA397D23F1005C00C790E8 /* DatabaseHelper.swift */ = {isa = PBXFileReference; fileEncoding = 4; lastKnownFileType = sourcecode.swift; path = DatabaseHelper.swift; sourceTree = "<group>"; };
		4CAA397E23F1005C00C790E8 /* ApplicationHelper.swift */ = {isa = PBXFileReference; fileEncoding = 4; lastKnownFileType = sourcecode.swift; path = ApplicationHelper.swift; sourceTree = "<group>"; };
		4CAA397F23F1005D00C790E8 /* Student.swift */ = {isa = PBXFileReference; fileEncoding = 4; lastKnownFileType = sourcecode.swift; path = Student.swift; sourceTree = "<group>"; };
/* End PBXFileReference section */

/* Begin PBXFrameworksBuildPhase section */
		4CAA396723F1003200C790E8 /* Frameworks */ = {
			isa = PBXFrameworksBuildPhase;
			buildActionMask = 2147483647;
			files = (
			);
			runOnlyForDeploymentPostprocessing = 0;
		};
/* End PBXFrameworksBuildPhase section */

/* Begin PBXGroup section */
		4CAA396123F1003200C790E8 = {
			isa = PBXGroup;
			children = (
				4CAA396C23F1003200C790E8 /* QinDevice-Mac */,
				4CAA396B23F1003200C790E8 /* Products */,
			);
			sourceTree = "<group>";
		};
		4CAA396B23F1003200C790E8 /* Products */ = {
			isa = PBXGroup;
			children = (
				4CAA396A23F1003200C790E8 /* QinDevice-Mac.app */,
			);
			name = Products;
			sourceTree = "<group>";
		};
		4CAA396C23F1003200C790E8 /* QinDevice-Mac */ = {
			isa = PBXGroup;
			children = (
				4CAA397E23F1005C00C790E8 /* ApplicationHelper.swift */,
				4CAA397D23F1005C00C790E8 /* DatabaseHelper.swift */,
				4CAA397F23F1005D00C790E8 /* Student.swift */,
				4CAA396D23F1003200C790E8 /* AppDelegate.swift */,
				4CAA396F23F1003200C790E8 /* ViewController.swift */,
				4CAA397123F1003600C790E8 /* Assets.xcassets */,
				4CAA397323F1003600C790E8 /* Main.storyboard */,
				4CAA397623F1003600C790E8 /* Info.plist */,
				4CAA397723F1003600C790E8 /* QinDevice_Mac.entitlements */,
			);
			path = "QinDevice-Mac";
			sourceTree = "<group>";
		};
/* End PBXGroup section */

/* Begin PBXNativeTarget section */
		4CAA396923F1003200C790E8 /* QinDevice-Mac */ = {
			isa = PBXNativeTarget;
			buildConfigurationList = 4CAA397A23F1003600C790E8 /* Build configuration list for PBXNativeTarget "QinDevice-Mac" */;
			buildPhases = (
				4CAA396623F1003200C790E8 /* Sources */,
				4CAA396723F1003200C790E8 /* Frameworks */,
				4CAA396823F1003200C790E8 /* Resources */,
			);
			buildRules = (
			);
			dependencies = (
			);
			name = "QinDevice-Mac";
			productName = "QinDevice-Mac";
			productReference = 4CAA396A23F1003200C790E8 /* QinDevice-Mac.app */;
			productType = "com.apple.product-type.application";
		};
/* End PBXNativeTarget section */

/* Begin PBXProject section */
		4CAA396223F1003200C790E8 /* Project object */ = {
			isa = PBXProject;
			attributes = {
				LastSwiftUpdateCheck = 1130;
				LastUpgradeCheck = 1130;
				ORGANIZATIONNAME = "杨璨";
				TargetAttributes = {
					4CAA396923F1003200C790E8 = {
						CreatedOnToolsVersion = 11.3.1;
					};
				};
			};
			buildConfigurationList = 4CAA396523F1003200C790E8 /* Build configuration list for PBXProject "QinDevice-Mac" */;
			compatibilityVersion = "Xcode 9.3";
			developmentRegion = en;
			hasScannedForEncodings = 0;
			knownRegions = (
				en,
				Base,
			);
			mainGroup = 4CAA396123F1003200C790E8;
			productRefGroup = 4CAA396B23F1003200C790E8 /* Products */;
			projectDirPath = "";
			projectRoot = "";
			targets = (
				4CAA396923F1003200C790E8 /* QinDevice-Mac */,
			);
		};
/* End PBXProject section */

/* Begin PBXResourcesBuildPhase section */
		4CAA396823F1003200C790E8 /* Resources */ = {
			isa = PBXResourcesBuildPhase;
			buildActionMask = 2147483647;
			files = (
				4CAA397223F1003600C790E8 /* Assets.xcassets in Resources */,
				4CAA397523F1003600C790E8 /* Main.storyboard in Resources */,
			);
			runOnlyForDeploymentPostprocessing = 0;
		};
/* End PBXResourcesBuildPhase section */

/* Begin PBXSourcesBuildPhase section */
		4CAA396623F1003200C790E8 /* Sources */ = {
			isa = PBXSourcesBuildPhase;
			buildActionMask = 2147483647;
			files = (
				4CAA397023F1003200C790E8 /* ViewController.swift in Sources */,
				4CAA398023F1005D00C790E8 /* DatabaseHelper.swift in Sources */,
				4CAA398123F1005D00C790E8 /* ApplicationHelper.swift in Sources */,
				4CAA398223F1005D00C790E8 /* Student.swift in Sources */,
				4CAA396E23F1003200C790E8 /* AppDelegate.swift in Sources */,
			);
			runOnlyForDeploymentPostprocessing = 0;
		};
/* End PBXSourcesBuildPhase section */

/* Begin PBXVariantGroup section */
		4CAA397323F1003600C790E8 /* Main.storyboard */ = {
			isa = PBXVariantGroup;
			children = (
				4CAA397423F1003600C790E8 /* Base */,
			);
			name = Main.storyboard;
			sourceTree = "<group>";
		};
/* End PBXVariantGroup section */

/* Begin XCBuildConfiguration section */
		4CAA397823F1003600C790E8 /* Debug */ = {
			isa = XCBuildConfiguration;
			buildSettings = {
				ALWAYS_SEARCH_USER_PATHS = NO;
				CLANG_ANALYZER_NONNULL = YES;
				CLANG_ANALYZER_NUMBER_OBJECT_CONVERSION = YES_AGGRESSIVE;
				CLANG_CXX_LANGUAGE_STANDARD = "gnu++14";
				CLANG_CXX_LIBRARY = "libc++";
				CLANG_ENABLE_MODULES = YES;
				CLANG_ENABLE_OBJC_ARC = YES;
				CLANG_ENABLE_OBJC_WEAK = YES;
				CLANG_WARN_BLOCK_CAPTURE_AUTORELEASING = YES;
				CLANG_WARN_BOOL_CONVERSION = YES;
				CLANG_WARN_COMMA = YES;
				CLANG_WARN_CONSTANT_CONVERSION = YES;
				CLANG_WARN_DEPRECATED_OBJC_IMPLEMENTATIONS = YES;
				CLANG_WARN_DIRECT_OBJC_ISA_USAGE = YES_ERROR;
				CLANG_WARN_DOCUMENTATION_COMMENTS = YES;
				CLANG_WARN_EMPTY_BODY = YES;
				CLANG_WARN_ENUM_CONVERSION = YES;
				CLANG_WARN_INFINITE_RECURSION = YES;
				CLANG_WARN_INT_CONVERSION = YES;
				CLANG_WARN_NON_LITERAL_NULL_CONVERSION = YES;
				CLANG_WARN_OBJC_IMPLICIT_RETAIN_SELF = YES;
				CLANG_WARN_OBJC_LITERAL_CONVERSION = YES;
				CLANG_WARN_OBJC_ROOT_CLASS = YES_ERROR;
				CLANG_WARN_RANGE_LOOP_ANALYSIS = YES;
				CLANG_WARN_STRICT_PROTOTYPES = YES;
				CLANG_WARN_SUSPICIOUS_MOVE = YES;
				CLANG_WARN_UNGUARDED_AVAILABILITY = YES_AGGRESSIVE;
				CLANG_WARN_UNREACHABLE_CODE = YES;
				CLANG_WARN__DUPLICATE_METHOD_MATCH = YES;
				COPY_PHASE_STRIP = NO;
				DEBUG_INFORMATION_FORMAT = dwarf;
				ENABLE_STRICT_OBJC_MSGSEND = YES;
				ENABLE_TESTABILITY = YES;
				GCC_C_LANGUAGE_STANDARD = gnu11;
				GCC_DYNAMIC_NO_PIC = NO;
				GCC_NO_COMMON_BLOCKS = YES;
				GCC_OPTIMIZATION_LEVEL = 0;
				GCC_PREPROCESSOR_DEFINITIONS = (
					"DEBUG=1",
					"$(inherited)",
				);
				GCC_WARN_64_TO_32_BIT_CONVERSION = YES;
				GCC_WARN_ABOUT_RETURN_TYPE = YES_ERROR;
				GCC_WARN_UNDECLARED_SELECTOR = YES;
				GCC_WARN_UNINITIALIZED_AUTOS = YES_AGGRESSIVE;
				GCC_WARN_UNUSED_FUNCTION = YES;
				GCC_WARN_UNUSED_VARIABLE = YES;
				MACOSX_DEPLOYMENT_TARGET = 10.15;
				MTL_ENABLE_DEBUG_INFO = INCLUDE_SOURCE;
				MTL_FAST_MATH = YES;
				ONLY_ACTIVE_ARCH = YES;
				SDKROOT = macosx;
				SWIFT_ACTIVE_COMPILATION_CONDITIONS = DEBUG;
				SWIFT_OPTIMIZATION_LEVEL = "-Onone";
			};
			name = Debug;
		};
		4CAA397923F1003600C790E8 /* Release */ = {
			isa = XCBuildConfiguration;
			buildSettings = {
				ALWAYS_SEARCH_USER_PATHS = NO;
				CLANG_ANALYZER_NONNULL = YES;
				CLANG_ANALYZER_NUMBER_OBJECT_CONVERSION = YES_AGGRESSIVE;
				CLANG_CXX_LANGUAGE_STANDARD = "gnu++14";
				CLANG_CXX_LIBRARY = "libc++";
				CLANG_ENABLE_MODULES = YES;
				CLANG_ENABLE_OBJC_ARC = YES;
				CLANG_ENABLE_OBJC_WEAK = YES;
				CLANG_WARN_BLOCK_CAPTURE_AUTORELEASING = YES;
				CLANG_WARN_BOOL_CONVERSION = YES;
				CLANG_WARN_COMMA = YES;
				CLANG_WARN_CONSTANT_CONVERSION = YES;
				CLANG_WARN_DEPRECATED_OBJC_IMPLEMENTATIONS = YES;
				CLANG_WARN_DIRECT_OBJC_ISA_USAGE = YES_ERROR;
				CLANG_WARN_DOCUMENTATION_COMMENTS = YES;
				CLANG_WARN_EMPTY_BODY = YES;
				CLANG_WARN_ENUM_CONVERSION = YES;
				CLANG_WARN_INFINITE_RECURSION = YES;
				CLANG_WARN_INT_CONVERSION = YES;
				CLANG_WARN_NON_LITERAL_NULL_CONVERSION = YES;
				CLANG_WARN_OBJC_IMPLICIT_RETAIN_SELF = YES;
				CLANG_WARN_OBJC_LITERAL_CONVERSION = YES;
				CLANG_WARN_OBJC_ROOT_CLASS = YES_ERROR;
				CLANG_WARN_RANGE_LOOP_ANALYSIS = YES;
				CLANG_WARN_STRICT_PROTOTYPES = YES;
				CLANG_WARN_SUSPICIOUS_MOVE = YES;
				CLANG_WARN_UNGUARDED_AVAILABILITY = YES_AGGRESSIVE;
				CLANG_WARN_UNREACHABLE_CODE = YES;
				CLANG_WARN__DUPLICATE_METHOD_MATCH = YES;
				COPY_PHASE_STRIP = NO;
				DEBUG_INFORMATION_FORMAT = "dwarf-with-dsym";
				ENABLE_NS_ASSERTIONS = NO;
				ENABLE_STRICT_OBJC_MSGSEND = YES;
				GCC_C_LANGUAGE_STANDARD = gnu11;
				GCC_NO_COMMON_BLOCKS = YES;
				GCC_WARN_64_TO_32_BIT_CONVERSION = YES;
				GCC_WARN_ABOUT_RETURN_TYPE = YES_ERROR;
				GCC_WARN_UNDECLARED_SELECTOR = YES;
				GCC_WARN_UNINITIALIZED_AUTOS = YES_AGGRESSIVE;
				GCC_WARN_UNUSED_FUNCTION = YES;
				GCC_WARN_UNUSED_VARIABLE = YES;
				MACOSX_DEPLOYMENT_TARGET = 10.15;
				MTL_ENABLE_DEBUG_INFO = NO;
				MTL_FAST_MATH = YES;
				SDKROOT = macosx;
				SWIFT_COMPILATION_MODE = wholemodule;
				SWIFT_OPTIMIZATION_LEVEL = "-O";
			};
			name = Release;
		};
		4CAA397B23F1003600C790E8 /* Debug */ = {
			isa = XCBuildConfiguration;
			buildSettings = {
				ASSETCATALOG_COMPILER_APPICON_NAME = AppIcon;
				CODE_SIGN_ENTITLEMENTS = "QinDevice-Mac/QinDevice_Mac.entitlements";
				CODE_SIGN_STYLE = Automatic;
				COMBINE_HIDPI_IMAGES = YES;
				DEVELOPMENT_TEAM = 7GCQP6572P;
				ENABLE_HARDENED_RUNTIME = YES;
				INFOPLIST_FILE = "QinDevice-Mac/Info.plist";
				LD_RUNPATH_SEARCH_PATHS = (
					"$(inherited)",
					"@executable_path/../Frameworks",
				);
				PRODUCT_BUNDLE_IDENTIFIER = "edu.bfa.ssa.qin.QinDevice-Mac";
				PRODUCT_NAME = "$(TARGET_NAME)";
				SWIFT_VERSION = 5.0;
			};
			name = Debug;
		};
		4CAA397C23F1003600C790E8 /* Release */ = {
			isa = XCBuildConfiguration;
			buildSettings = {
				ASSETCATALOG_COMPILER_APPICON_NAME = AppIcon;
				CODE_SIGN_ENTITLEMENTS = "QinDevice-Mac/QinDevice_Mac.entitlements";
				CODE_SIGN_STYLE = Automatic;
				COMBINE_HIDPI_IMAGES = YES;
				DEVELOPMENT_TEAM = 7GCQP6572P;
				ENABLE_HARDENED_RUNTIME = YES;
				INFOPLIST_FILE = "QinDevice-Mac/Info.plist";
				LD_RUNPATH_SEARCH_PATHS = (
					"$(inherited)",
					"@executable_path/../Frameworks",
				);
				PRODUCT_BUNDLE_IDENTIFIER = "edu.bfa.ssa.qin.QinDevice-Mac";
				PRODUCT_NAME = "$(TARGET_NAME)";
				SWIFT_VERSION = 5.0;
			};
			name = Release;
		};
/* End XCBuildConfiguration section */

/* Begin XCConfigurationList section */
		4CAA396523F1003200C790E8 /* Build configuration list for PBXProject "QinDevice-Mac" */ = {
			isa = XCConfigurationList;
			buildConfigurations = (
				4CAA397823F1003600C790E8 /* Debug */,
				4CAA397923F1003600C790E8 /* Release */,
			);
			defaultConfigurationIsVisible = 0;
			defaultConfigurationName = Release;
		};
		4CAA397A23F1003600C790E8 /* Build configuration list for PBXNativeTarget "QinDevice-Mac" */ = {
			isa = XCConfigurationList;
			buildConfigurations = (
				4CAA397B23F1003600C790E8 /* Debug */,
				4CAA397C23F1003600C790E8 /* Release */,
			);
			defaultConfigurationIsVisible = 0;
			defaultConfigurationName = Release;
		};
/* End XCConfigurationList section */
	};
	rootObject = 4CAA396223F1003200C790E8 /* Project object */;
}
